
Microsoft Visual Studio Solution File, Format Version 12.00
# Visual Studio 15
VisualStudioVersion = 15.0.26730.16
MinimumVisualStudioVersion = 10.0.40219.1
Project("{8BC9CEB8-8B4A-11D0-8D11-00A0C91BC942}") = "Little Fighters", "Little Fighters\Little Fighters.vcxproj", "{4A5851F9-8DAE-469C-A2DE-D50CE4E4732F}"
EndProject
Global
	GlobalSection(SolutionConfigurationPlatforms) = preSolution
		Debug|x64 = Debug|x64
		Debug|x86 = Debug|x86
		Release|x64 = Release|x64
		Release|x86 = Release|x86
	EndGlobalSection
	GlobalSection(ProjectConfigurationPlatforms) = postSolution
		{4A5851F9-8DAE-469C-A2DE-D50CE4E4732F}.Debug|x64.ActiveCfg = Debug|x64
		{4A5851F9-8DAE-469C-A2DE-D50CE4E4732F}.Debug|x64.Build.0 = Debug|x64
		{4A5851F9-8DAE-469C-A2DE-D50CE4E4732F}.Debug|x86.ActiveCfg = Debug|Win32
		{4A5851F9-8DAE-469C-A2DE-D50CE4E4732F}.Debug|x86.Build.0 = Debug|Win32
		{4A5851F9-8DAE-469C-A2DE-D50CE4E4732F}.Release|x64.ActiveCfg = Release|x64
		{4A5851F9-8DAE-469C-A2DE-D50CE4E4732F}.Release|x64.Build.0 = Release|x64
		{4A5851F9-8DAE-469C-A2DE-D50CE4E4732F}.Release|x86.ActiveCfg = Release|Win32
		{4A5851F9-8DAE-469C-A2DE-D50CE4E4732F}.Release|x86.Build.0 = Release|Win32
	EndGlobalSection
	GlobalSection(SolutionProperties) = preSolution
		HideSolutionNode = FALSE
	EndGlobalSection
	GlobalSection(ExtensibilityGlobals) = postSolution
		SolutionGuid = {1ED9327A-5A83-4AC1-8B35-42CCF9475C2A}
	EndGlobalSection
EndGlobal
